
Microsoft Visual Studio Solution File, Format Version 12.00
# Visual Studio Version 17
VisualStudioVersion = 17.8.34525.116
MinimumVisualStudioVersion = 10.0.40219.1
Project("{FAE04EC0-301F-11D3-BF4B-00C04F79EFBC}") = "Having Main In another class", "Practice\Having Main In another class.csproj", "{203B1FE6-0DE3-4809-BAFA-431D63B10528}"
EndProject
Project("{FAE04EC0-301F-11D3-BF4B-00C04F79EFBC}") = "Initializes and Access data throught method", "Initializes and Access data throught method\Initializes and Access data throught method.csproj", "{A635CCE5-885E-497D-9631-5AC2DF168D0F}"
EndProject
Project("{FAE04EC0-301F-11D3-BF4B-00C04F79EFBC}") = "ObjectIntializer", "ObjectIntializer\ObjectIntializer.csproj", "{8378E937-AB04-4F9A-977B-F6399F288644}"
EndProject
Project("{FAE04EC0-301F-11D3-BF4B-00C04F79EFBC}") = "DefaultConstructor", "DefaultConstructor\DefaultConstructor.csproj", "{EEF80AD6-C4A8-4CD8-83E5-CA384B78503A}"
EndProject
Project("{FAE04EC0-301F-11D3-BF4B-00C04F79EFBC}") = "ParameterizedConstructor", "ParameterizedConstructor\ParameterizedConstructor.csproj", "{20EFBDBB-5CF2-45CC-B0B7-C21EDECF1045}"
EndProject
Project("{FAE04EC0-301F-11D3-BF4B-00C04F79EFBC}") = "Static Constructor", "Static Constructor\Static Constructor.csproj", "{01925AFE-91BA-4171-98E0-317E0DC8D8FE}"
EndProject
Project("{FAE04EC0-301F-11D3-BF4B-00C04F79EFBC}") = "PrivateConstructor", "PrivateConstructor\PrivateConstructor.csproj", "{D789E25E-2888-464E-BF84-2D3C2DD13F96}"
EndProject
Project("{FAE04EC0-301F-11D3-BF4B-00C04F79EFBC}") = "Destructor", "Destructor\Destructor.csproj", "{8FE45851-785D-499E-92BA-02AEF3A0E977}"
EndProject
Project("{FAE04EC0-301F-11D3-BF4B-00C04F79EFBC}") = "ThisKeywork", "ThisKeywork\ThisKeywork.csproj", "{C5948A53-7F88-4B95-82DB-89074A897EF1}"
EndProject
Project("{FAE04EC0-301F-11D3-BF4B-00C04F79EFBC}") = "Struct", "Struct\Struct.csproj", "{F5D933DA-6B4B-4585-8854-25FBA250EF83}"
EndProject
Project("{FAE04EC0-301F-11D3-BF4B-00C04F79EFBC}") = "ENUM", "ENUM\ENUM.csproj", "{075DF4A8-2A74-4D59-9053-4AB71C8D9125}"
EndProject
Project("{FAE04EC0-301F-11D3-BF4B-00C04F79EFBC}") = "Enumerable", "Enumerable\Enumerable.csproj", "{8F5EBD6E-8054-4E22-8AB5-E9AD229269FD}"
EndProject
Project("{FAE04EC0-301F-11D3-BF4B-00C04F79EFBC}") = "Generics", "Generics\Generics.csproj", "{ECBFC400-287C-41D1-87C4-74873B7D4242}"
EndProject
Project("{FAE04EC0-301F-11D3-BF4B-00C04F79EFBC}") = "DependencyInjectionCSharp", "DependencyInjectionCSharp\DependencyInjectionCSharp.csproj", "{759EC702-746F-45C7-8EC9-298BEEF1036C}"
EndProject
Global
	GlobalSection(SolutionConfigurationPlatforms) = preSolution
		Debug|Any CPU = Debug|Any CPU
		Release|Any CPU = Release|Any CPU
	EndGlobalSection
	GlobalSection(ProjectConfigurationPlatforms) = postSolution
		{203B1FE6-0DE3-4809-BAFA-431D63B10528}.Debug|Any CPU.ActiveCfg = Debug|Any CPU
		{203B1FE6-0DE3-4809-BAFA-431D63B10528}.Debug|Any CPU.Build.0 = Debug|Any CPU
		{203B1FE6-0DE3-4809-BAFA-431D63B10528}.Release|Any CPU.ActiveCfg = Release|Any CPU
		{203B1FE6-0DE3-4809-BAFA-431D63B10528}.Release|Any CPU.Build.0 = Release|Any CPU
		{A635CCE5-885E-497D-9631-5AC2DF168D0F}.Debug|Any CPU.ActiveCfg = Debug|Any CPU
		{A635CCE5-885E-497D-9631-5AC2DF168D0F}.Debug|Any CPU.Build.0 = Debug|Any CPU
		{A635CCE5-885E-497D-9631-5AC2DF168D0F}.Release|Any CPU.ActiveCfg = Release|Any CPU
		{A635CCE5-885E-497D-9631-5AC2DF168D0F}.Release|Any CPU.Build.0 = Release|Any CPU
		{8378E937-AB04-4F9A-977B-F6399F288644}.Debug|Any CPU.ActiveCfg = Debug|Any CPU
		{8378E937-AB04-4F9A-977B-F6399F288644}.Debug|Any CPU.Build.0 = Debug|Any CPU
		{8378E937-AB04-4F9A-977B-F6399F288644}.Release|Any CPU.ActiveCfg = Release|Any CPU
		{8378E937-AB04-4F9A-977B-F6399F288644}.Release|Any CPU.Build.0 = Release|Any CPU
		{EEF80AD6-C4A8-4CD8-83E5-CA384B78503A}.Debug|Any CPU.ActiveCfg = Debug|Any CPU
		{EEF80AD6-C4A8-4CD8-83E5-CA384B78503A}.Debug|Any CPU.Build.0 = Debug|Any CPU
		{EEF80AD6-C4A8-4CD8-83E5-CA384B78503A}.Release|Any CPU.ActiveCfg = Release|Any CPU
		{EEF80AD6-C4A8-4CD8-83E5-CA384B78503A}.Release|Any CPU.Build.0 = Release|Any CPU
		{20EFBDBB-5CF2-45CC-B0B7-C21EDECF1045}.Debug|Any CPU.ActiveCfg = Debug|Any CPU
		{20EFBDBB-5CF2-45CC-B0B7-C21EDECF1045}.Debug|Any CPU.Build.0 = Debug|Any CPU
		{20EFBDBB-5CF2-45CC-B0B7-C21EDECF1045}.Release|Any CPU.ActiveCfg = Release|Any CPU
		{20EFBDBB-5CF2-45CC-B0B7-C21EDECF1045}.Release|Any CPU.Build.0 = Release|Any CPU
		{01925AFE-91BA-4171-98E0-317E0DC8D8FE}.Debug|Any CPU.ActiveCfg = Debug|Any CPU
		{01925AFE-91BA-4171-98E0-317E0DC8D8FE}.Debug|Any CPU.Build.0 = Debug|Any CPU
		{01925AFE-91BA-4171-98E0-317E0DC8D8FE}.Release|Any CPU.ActiveCfg = Release|Any CPU
		{01925AFE-91BA-4171-98E0-317E0DC8D8FE}.Release|Any CPU.Build.0 = Release|Any CPU
		{D789E25E-2888-464E-BF84-2D3C2DD13F96}.Debug|Any CPU.ActiveCfg = Debug|Any CPU
		{D789E25E-2888-464E-BF84-2D3C2DD13F96}.Debug|Any CPU.Build.0 = Debug|Any CPU
		{D789E25E-2888-464E-BF84-2D3C2DD13F96}.Release|Any CPU.ActiveCfg = Release|Any CPU
		{D789E25E-2888-464E-BF84-2D3C2DD13F96}.Release|Any CPU.Build.0 = Release|Any CPU
		{8FE45851-785D-499E-92BA-02AEF3A0E977}.Debug|Any CPU.ActiveCfg = Debug|Any CPU
		{8FE45851-785D-499E-92BA-02AEF3A0E977}.Debug|Any CPU.Build.0 = Debug|Any CPU
		{8FE45851-785D-499E-92BA-02AEF3A0E977}.Release|Any CPU.ActiveCfg = Release|Any CPU
		{8FE45851-785D-499E-92BA-02AEF3A0E977}.Release|Any CPU.Build.0 = Release|Any CPU
		{C5948A53-7F88-4B95-82DB-89074A897EF1}.Debug|Any CPU.ActiveCfg = Debug|Any CPU
		{C5948A53-7F88-4B95-82DB-89074A897EF1}.Debug|Any CPU.Build.0 = Debug|Any CPU
		{C5948A53-7F88-4B95-82DB-89074A897EF1}.Release|Any CPU.ActiveCfg = Release|Any CPU
		{C5948A53-7F88-4B95-82DB-89074A897EF1}.Release|Any CPU.Build.0 = Release|Any CPU
		{F5D933DA-6B4B-4585-8854-25FBA250EF83}.Debug|Any CPU.ActiveCfg = Debug|Any CPU
		{F5D933DA-6B4B-4585-8854-25FBA250EF83}.Debug|Any CPU.Build.0 = Debug|Any CPU
		{F5D933DA-6B4B-4585-8854-25FBA250EF83}.Release|Any CPU.ActiveCfg = Release|Any CPU
		{F5D933DA-6B4B-4585-8854-25FBA250EF83}.Release|Any CPU.Build.0 = Release|Any CPU
		{075DF4A8-2A74-4D59-9053-4AB71C8D9125}.Debug|Any CPU.ActiveCfg = Debug|Any CPU
		{075DF4A8-2A74-4D59-9053-4AB71C8D9125}.Debug|Any CPU.Build.0 = Debug|Any CPU
		{075DF4A8-2A74-4D59-9053-4AB71C8D9125}.Release|Any CPU.ActiveCfg = Release|Any CPU
		{075DF4A8-2A74-4D59-9053-4AB71C8D9125}.Release|Any CPU.Build.0 = Release|Any CPU
		{8F5EBD6E-8054-4E22-8AB5-E9AD229269FD}.Debug|Any CPU.ActiveCfg = Debug|Any CPU
		{8F5EBD6E-8054-4E22-8AB5-E9AD229269FD}.Debug|Any CPU.Build.0 = Debug|Any CPU
		{8F5EBD6E-8054-4E22-8AB5-E9AD229269FD}.Release|Any CPU.ActiveCfg = Release|Any CPU
		{8F5EBD6E-8054-4E22-8AB5-E9AD229269FD}.Release|Any CPU.Build.0 = Release|Any CPU
		{ECBFC400-287C-41D1-87C4-74873B7D4242}.Debug|Any CPU.ActiveCfg = Debug|Any CPU
		{ECBFC400-287C-41D1-87C4-74873B7D4242}.Debug|Any CPU.Build.0 = Debug|Any CPU
		{ECBFC400-287C-41D1-87C4-74873B7D4242}.Release|Any CPU.ActiveCfg = Release|Any CPU
		{ECBFC400-287C-41D1-87C4-74873B7D4242}.Release|Any CPU.Build.0 = Release|Any CPU
		{759EC702-746F-45C7-8EC9-298BEEF1036C}.Debug|Any CPU.ActiveCfg = Debug|Any CPU
		{759EC702-746F-45C7-8EC9-298BEEF1036C}.Debug|Any CPU.Build.0 = Debug|Any CPU
		{759EC702-746F-45C7-8EC9-298BEEF1036C}.Release|Any CPU.ActiveCfg = Release|Any CPU
		{759EC702-746F-45C7-8EC9-298BEEF1036C}.Release|Any CPU.Build.0 = Release|Any CPU
	EndGlobalSection
	GlobalSection(SolutionProperties) = preSolution
		HideSolutionNode = FALSE
	EndGlobalSection
	GlobalSection(ExtensibilityGlobals) = postSolution
		SolutionGuid = {02AA08C4-5CCC-4468-90B5-85607157D3BE}
	EndGlobalSection
EndGlobal
